{
  "name": "app",
  "version": "1.0.0",
  "lockfileVersion": 1,
  "requires": true,
  "dependencies": {
    "iconv-lite": {
      "version": "0.4.19",
      "resolved": "https://registry.npmjs.org/iconv-lite/-/iconv-lite-0.4.19.tgz",
      "integrity": "sha512-oTZqweIP51xaGPI4uPa56/Pri/480R+mo7SeU+YETByQNhDG55ycFyNLIgta9vXhILrxXDmF7ZGhqZIcuN0gJQ=="
    },
    "jquery": {
      "version": "3.2.1",
      "resolved": "https://registry.npmjs.org/jquery/-/jquery-3.2.1.tgz",
      "integrity": "sha1-XE2d5lKvbNCncBVKYxu6ErAVx4c="
    },
    "papaparse": {
      "version": "4.3.6",
      "resolved": "https://registry.npmjs.org/papaparse/-/papaparse-4.3.6.tgz",
      "integrity": "sha1-lWbtoOyrE6/LdApiOBxpn0hssUU="
    }
  }
}
